
Microsoft Visual Studio Solution File, Format Version 12.00
# Visual Studio Version 16
VisualStudioVersion = 16.0.30523.141
MinimumVisualStudioVersion = 10.0.40219.1
Project("{FAE04EC0-301F-11D3-BF4B-00C04F79EFBC}") = "MSTSolution.LivrosApi", "MSTSolution.LivrosApi\MSTSolution.LivrosApi.csproj", "{50AF1C0F-65FE-44D7-9E00-4F4761263123}"
EndProject
Project("{FAE04EC0-301F-11D3-BF4B-00C04F79EFBC}") = "MSTSolution.LivrosApi.Dominio", "MSTSolution.LivrosApi.Dominio\MSTSolution.LivrosApi.Dominio.csproj", "{CCE2738C-409C-4569-ACC5-90AD8A65A2E0}"
EndProject
Project("{FAE04EC0-301F-11D3-BF4B-00C04F79EFBC}") = "MSTSolution.LivrosApi.AcessoDados.Entity", "MSTSolution.LivrosApi.AcessoDados.Entity\MSTSolution.LivrosApi.AcessoDados.Entity.csproj", "{54003E5D-11F9-4136-8024-FA3FC400CA4C}"
EndProject
Global
	GlobalSection(SolutionConfigurationPlatforms) = preSolution
		Debug|Any CPU = Debug|Any CPU
		Release|Any CPU = Release|Any CPU
	EndGlobalSection
	GlobalSection(ProjectConfigurationPlatforms) = postSolution
		{50AF1C0F-65FE-44D7-9E00-4F4761263123}.Debug|Any CPU.ActiveCfg = Debug|Any CPU
		{50AF1C0F-65FE-44D7-9E00-4F4761263123}.Debug|Any CPU.Build.0 = Debug|Any CPU
		{50AF1C0F-65FE-44D7-9E00-4F4761263123}.Release|Any CPU.ActiveCfg = Release|Any CPU
		{50AF1C0F-65FE-44D7-9E00-4F4761263123}.Release|Any CPU.Build.0 = Release|Any CPU
		{CCE2738C-409C-4569-ACC5-90AD8A65A2E0}.Debug|Any CPU.ActiveCfg = Debug|Any CPU
		{CCE2738C-409C-4569-ACC5-90AD8A65A2E0}.Debug|Any CPU.Build.0 = Debug|Any CPU
		{CCE2738C-409C-4569-ACC5-90AD8A65A2E0}.Release|Any CPU.ActiveCfg = Release|Any CPU
		{CCE2738C-409C-4569-ACC5-90AD8A65A2E0}.Release|Any CPU.Build.0 = Release|Any CPU
		{54003E5D-11F9-4136-8024-FA3FC400CA4C}.Debug|Any CPU.ActiveCfg = Debug|Any CPU
		{54003E5D-11F9-4136-8024-FA3FC400CA4C}.Debug|Any CPU.Build.0 = Debug|Any CPU
		{54003E5D-11F9-4136-8024-FA3FC400CA4C}.Release|Any CPU.ActiveCfg = Release|Any CPU
		{54003E5D-11F9-4136-8024-FA3FC400CA4C}.Release|Any CPU.Build.0 = Release|Any CPU
	EndGlobalSection
	GlobalSection(SolutionProperties) = preSolution
		HideSolutionNode = FALSE
	EndGlobalSection
	GlobalSection(ExtensibilityGlobals) = postSolution
		SolutionGuid = {02C5AC22-1BEE-442B-8555-2AAB9BBD9416}
	EndGlobalSection
EndGlobal
